// !$*UTF8*$!
{
	archiveVersion = 1;
	classes = {
	};
	objectVersion = 51;
	objects = {

/* Begin PBXBuildFile section */
		447689723022AF5CB2B1DADE /* Pods_CameraFilter.framework in Frameworks */ = {isa = PBXBuildFile; fileRef = 210E2A07C8903C2975FAE975 /* Pods_CameraFilter.framework */; };
		677963CE251BB02D00BB8207 /* AppDelegate.swift in Sources */ = {isa = PBXBuildFile; fileRef = 677963CD251BB02D00BB8207 /* AppDelegate.swift */; };
		677963D0251BB02D00BB8207 /* SceneDelegate.swift in Sources */ = {isa = PBXBuildFile; fileRef = 677963CF251BB02D00BB8207 /* SceneDelegate.swift */; };
		677963D2251BB02D00BB8207 /* ViewController.swift in Sources */ = {isa = PBXBuildFile; fileRef = 677963D1251BB02D00BB8207 /* ViewController.swift */; };
		677963D5251BB02D00BB8207 /* Main.storyboard in Resources */ = {isa = PBXBuildFile; fileRef = 677963D3251BB02D00BB8207 /* Main.storyboard */; };
		677963D7251BB02F00BB8207 /* Assets.xcassets in Resources */ = {isa = PBXBuildFile; fileRef = 677963D6251BB02F00BB8207 /* Assets.xcassets */; };
		677963DA251BB02F00BB8207 /* LaunchScreen.storyboard in Resources */ = {isa = PBXBuildFile; fileRef = 677963D8251BB02F00BB8207 /* LaunchScreen.storyboard */; };
		677963E2251BB19E00BB8207 /* PhotosCollectionViewController.swift in Sources */ = {isa = PBXBuildFile; fileRef = 677963E1251BB19E00BB8207 /* PhotosCollectionViewController.swift */; };
		677963E4251BB8BB00BB8207 /* PhotoCollectionViewCell.swift in Sources */ = {isa = PBXBuildFile; fileRef = 677963E3251BB8BB00BB8207 /* PhotoCollectionViewCell.swift */; };
		677963E6251C585C00BB8207 /* FilterService.swift in Sources */ = {isa = PBXBuildFile; fileRef = 677963E5251C585C00BB8207 /* FilterService.swift */; };
/* End PBXBuildFile section */

/* Begin PBXFileReference section */
		210E2A07C8903C2975FAE975 /* Pods_CameraFilter.framework */ = {isa = PBXFileReference; explicitFileType = wrapper.framework; includeInIndex = 0; path = Pods_CameraFilter.framework; sourceTree = BUILT_PRODUCTS_DIR; };
		677963CA251BB02D00BB8207 /* CameraFilter.app */ = {isa = PBXFileReference; explicitFileType = wrapper.application; includeInIndex = 0; path = CameraFilter.app; sourceTree = BUILT_PRODUCTS_DIR; };
		677963CD251BB02D00BB8207 /* AppDelegate.swift */ = {isa = PBXFileReference; lastKnownFileType = sourcecode.swift; path = AppDelegate.swift; sourceTree = "<group>"; };
		677963CF251BB02D00BB8207 /* SceneDelegate.swift */ = {isa = PBXFileReference; lastKnownFileType = sourcecode.swift; path = SceneDelegate.swift; sourceTree = "<group>"; };
		677963D1251BB02D00BB8207 /* ViewController.swift */ = {isa = PBXFileReference; lastKnownFileType = sourcecode.swift; path = ViewController.swift; sourceTree = "<group>"; };
		677963D4251BB02D00BB8207 /* Base */ = {isa = PBXFileReference; lastKnownFileType = file.storyboard; name = Base; path = Base.lproj/Main.storyboard; sourceTree = "<group>"; };
		677963D6251BB02F00BB8207 /* Assets.xcassets */ = {isa = PBXFileReference; lastKnownFileType = folder.assetcatalog; path = Assets.xcassets; sourceTree = "<group>"; };
		677963D9251BB02F00BB8207 /* Base */ = {isa = PBXFileReference; lastKnownFileType = file.storyboard; name = Base; path = Base.lproj/LaunchScreen.storyboard; sourceTree = "<group>"; };
		677963DB251BB02F00BB8207 /* Info.plist */ = {isa = PBXFileReference; lastKnownFileType = text.plist.xml; path = Info.plist; sourceTree = "<group>"; };
		677963E1251BB19E00BB8207 /* PhotosCollectionViewController.swift */ = {isa = PBXFileReference; lastKnownFileType = sourcecode.swift; path = PhotosCollectionViewController.swift; sourceTree = "<group>"; };
		677963E3251BB8BB00BB8207 /* PhotoCollectionViewCell.swift */ = {isa = PBXFileReference; lastKnownFileType = sourcecode.swift; path = PhotoCollectionViewCell.swift; sourceTree = "<group>"; };
		677963E5251C585C00BB8207 /* FilterService.swift */ = {isa = PBXFileReference; lastKnownFileType = sourcecode.swift; path = FilterService.swift; sourceTree = "<group>"; };
		E31BFE48B2D834452DC27AFB /* Pods-CameraFilter.release.xcconfig */ = {isa = PBXFileReference; includeInIndex = 1; lastKnownFileType = text.xcconfig; name = "Pods-CameraFilter.release.xcconfig"; path = "Target Support Files/Pods-CameraFilter/Pods-CameraFilter.release.xcconfig"; sourceTree = "<group>"; };
		FF11A937FB13DF34E4CEE3BE /* Pods-CameraFilter.debug.xcconfig */ = {isa = PBXFileReference; includeInIndex = 1; lastKnownFileType = text.xcconfig; name = "Pods-CameraFilter.debug.xcconfig"; path = "Target Support Files/Pods-CameraFilter/Pods-CameraFilter.debug.xcconfig"; sourceTree = "<group>"; };
/* End PBXFileReference section */

/* Begin PBXFrameworksBuildPhase section */
		677963C7251BB02D00BB8207 /* Frameworks */ = {
			isa = PBXFrameworksBuildPhase;
			buildActionMask = 2147483647;
			files = (
				447689723022AF5CB2B1DADE /* Pods_CameraFilter.framework in Frameworks */,
			);
			runOnlyForDeploymentPostprocessing = 0;
		};
/* End PBXFrameworksBuildPhase section */

/* Begin PBXGroup section */
		016105A849E4030379586045 /* Frameworks */ = {
			isa = PBXGroup;
			children = (
				210E2A07C8903C2975FAE975 /* Pods_CameraFilter.framework */,
			);
			name = Frameworks;
			sourceTree = "<group>";
		};
		60822237B4F81C37177FB9EC /* Pods */ = {
			isa = PBXGroup;
			children = (
				FF11A937FB13DF34E4CEE3BE /* Pods-CameraFilter.debug.xcconfig */,
				E31BFE48B2D834452DC27AFB /* Pods-CameraFilter.release.xcconfig */,
			);
			path = Pods;
			sourceTree = "<group>";
		};
		677963C1251BB02D00BB8207 = {
			isa = PBXGroup;
			children = (
				677963CC251BB02D00BB8207 /* CameraFilter */,
				677963CB251BB02D00BB8207 /* Products */,
				60822237B4F81C37177FB9EC /* Pods */,
				016105A849E4030379586045 /* Frameworks */,
			);
			sourceTree = "<group>";
		};
		677963CB251BB02D00BB8207 /* Products */ = {
			isa = PBXGroup;
			children = (
				677963CA251BB02D00BB8207 /* CameraFilter.app */,
			);
			name = Products;
			sourceTree = "<group>";
		};
		677963CC251BB02D00BB8207 /* CameraFilter */ = {
			isa = PBXGroup;
			children = (
				677963E7251C712F00BB8207 /* Application */,
				677963E9251C716700BB8207 /* Controllers */,
				677963EA251C717200BB8207 /* Views */,
				677963EB251C717D00BB8207 /* Service */,
				677963E8251C715300BB8207 /* Supporting Files */,
			);
			path = CameraFilter;
			sourceTree = "<group>";
		};
		677963E7251C712F00BB8207 /* Application */ = {
			isa = PBXGroup;
			children = (
				677963CD251BB02D00BB8207 /* AppDelegate.swift */,
				677963CF251BB02D00BB8207 /* SceneDelegate.swift */,
			);
			path = Application;
			sourceTree = "<group>";
		};
		677963E8251C715300BB8207 /* Supporting Files */ = {
			isa = PBXGroup;
			children = (
				677963D6251BB02F00BB8207 /* Assets.xcassets */,
				677963D8251BB02F00BB8207 /* LaunchScreen.storyboard */,
				677963DB251BB02F00BB8207 /* Info.plist */,
			);
			path = "Supporting Files";
			sourceTree = "<group>";
		};
		677963E9251C716700BB8207 /* Controllers */ = {
			isa = PBXGroup;
			children = (
				677963D1251BB02D00BB8207 /* ViewController.swift */,
				677963E1251BB19E00BB8207 /* PhotosCollectionViewController.swift */,
			);
			path = Controllers;
			sourceTree = "<group>";
		};
		677963EA251C717200BB8207 /* Views */ = {
			isa = PBXGroup;
			children = (
				677963D3251BB02D00BB8207 /* Main.storyboard */,
				677963E3251BB8BB00BB8207 /* PhotoCollectionViewCell.swift */,
			);
			path = Views;
			sourceTree = "<group>";
		};
		677963EB251C717D00BB8207 /* Service */ = {
			isa = PBXGroup;
			children = (
				677963E5251C585C00BB8207 /* FilterService.swift */,
			);
			path = Service;
			sourceTree = "<group>";
		};
/* End PBXGroup section */

/* Begin PBXNativeTarget section */
		677963C9251BB02D00BB8207 /* CameraFilter */ = {
			isa = PBXNativeTarget;
			buildConfigurationList = 677963DE251BB02F00BB8207 /* Build configuration list for PBXNativeTarget "CameraFilter" */;
			buildPhases = (
				0D19066D7BFA63E0573CB1B9 /* [CP] Check Pods Manifest.lock */,
				677963C6251BB02D00BB8207 /* Sources */,
				677963C7251BB02D00BB8207 /* Frameworks */,
				677963C8251BB02D00BB8207 /* Resources */,
				CCB9DA19028841E3A8A17283 /* [CP] Embed Pods Frameworks */,
			);
			buildRules = (
			);
			dependencies = (
			);
			name = CameraFilter;
			productName = CameraFilter;
			productReference = 677963CA251BB02D00BB8207 /* CameraFilter.app */;
			productType = "com.apple.product-type.application";
		};
/* End PBXNativeTarget section */

/* Begin PBXProject section */
		677963C2251BB02D00BB8207 /* Project object */ = {
			isa = PBXProject;
			attributes = {
				LastSwiftUpdateCheck = 1140;
				LastUpgradeCheck = 1140;
				ORGANIZATIONNAME = "XFamily, LLC";
				TargetAttributes = {
					677963C9251BB02D00BB8207 = {
						CreatedOnToolsVersion = 11.4.1;
					};
				};
			};
			buildConfigurationList = 677963C5251BB02D00BB8207 /* Build configuration list for PBXProject "CameraFilter" */;
			compatibilityVersion = "Xcode 9.3";
			developmentRegion = en;
			hasScannedForEncodings = 0;
			knownRegions = (
				en,
				Base,
			);
			mainGroup = 677963C1251BB02D00BB8207;
			productRefGroup = 677963CB251BB02D00BB8207 /* Products */;
			projectDirPath = "";
			projectRoot = "";
			targets = (
				677963C9251BB02D00BB8207 /* CameraFilter */,
			);
		};
/* End PBXProject section */

/* Begin PBXResourcesBuildPhase section */
		677963C8251BB02D00BB8207 /* Resources */ = {
			isa = PBXResourcesBuildPhase;
			buildActionMask = 2147483647;
			files = (
				677963DA251BB02F00BB8207 /* LaunchScreen.storyboard in Resources */,
				677963D7251BB02F00BB8207 /* Assets.xcassets in Resources */,
				677963D5251BB02D00BB8207 /* Main.storyboard in Resources */,
			);
			runOnlyForDeploymentPostprocessing = 0;
		};
/* End PBXResourcesBuildPhase section */

/* Begin PBXShellScriptBuildPhase section */
		0D19066D7BFA63E0573CB1B9 /* [CP] Check Pods Manifest.lock */ = {
			isa = PBXShellScriptBuildPhase;
			buildActionMask = 2147483647;
			files = (
			);
			inputFileListPaths = (
			);
			inputPaths = (
				"${PODS_PODFILE_DIR_PATH}/Podfile.lock",
				"${PODS_ROOT}/Manifest.lock",
			);
			name = "[CP] Check Pods Manifest.lock";
			outputFileListPaths = (
			);
			outputPaths = (
				"$(DERIVED_FILE_DIR)/Pods-CameraFilter-checkManifestLockResult.txt",
			);
			runOnlyForDeploymentPostprocessing = 0;
			shellPath = /bin/sh;
			shellScript = "diff \"${PODS_PODFILE_DIR_PATH}/Podfile.lock\" \"${PODS_ROOT}/Manifest.lock\" > /dev/null\nif [ $? != 0 ] ; then\n    # print error to STDERR\n    echo \"error: The sandbox is not in sync with the Podfile.lock. Run 'pod install' or update your CocoaPods installation.\" >&2\n    exit 1\nfi\n# This output is used by Xcode 'outputs' to avoid re-running this script phase.\necho \"SUCCESS\" > \"${SCRIPT_OUTPUT_FILE_0}\"\n";
			showEnvVarsInLog = 0;
		};
		CCB9DA19028841E3A8A17283 /* [CP] Embed Pods Frameworks */ = {
			isa = PBXShellScriptBuildPhase;
			buildActionMask = 2147483647;
			files = (
			);
			inputFileListPaths = (
				"${PODS_ROOT}/Target Support Files/Pods-CameraFilter/Pods-CameraFilter-frameworks-${CONFIGURATION}-input-files.xcfilelist",
			);
			name = "[CP] Embed Pods Frameworks";
			outputFileListPaths = (
				"${PODS_ROOT}/Target Support Files/Pods-CameraFilter/Pods-CameraFilter-frameworks-${CONFIGURATION}-output-files.xcfilelist",
			);
			runOnlyForDeploymentPostprocessing = 0;
			shellPath = /bin/sh;
			shellScript = "\"${PODS_ROOT}/Target Support Files/Pods-CameraFilter/Pods-CameraFilter-frameworks.sh\"\n";
			showEnvVarsInLog = 0;
		};
/* End PBXShellScriptBuildPhase section */

/* Begin PBXSourcesBuildPhase section */
		677963C6251BB02D00BB8207 /* Sources */ = {
			isa = PBXSourcesBuildPhase;
			buildActionMask = 2147483647;
			files = (
				677963D2251BB02D00BB8207 /* ViewController.swift in Sources */,
				677963E4251BB8BB00BB8207 /* PhotoCollectionViewCell.swift in Sources */,
				677963CE251BB02D00BB8207 /* AppDelegate.swift in Sources */,
				677963E6251C585C00BB8207 /* FilterService.swift in Sources */,
				677963D0251BB02D00BB8207 /* SceneDelegate.swift in Sources */,
				677963E2251BB19E00BB8207 /* PhotosCollectionViewController.swift in Sources */,
			);
			runOnlyForDeploymentPostprocessing = 0;
		};
/* End PBXSourcesBuildPhase section */

/* Begin PBXVariantGroup section */
		677963D3251BB02D00BB8207 /* Main.storyboard */ = {
			isa = PBXVariantGroup;
			children = (
				677963D4251BB02D00BB8207 /* Base */,
			);
			name = Main.storyboard;
			sourceTree = "<group>";
		};
		677963D8251BB02F00BB8207 /* LaunchScreen.storyboard */ = {
			isa = PBXVariantGroup;
			children = (
				677963D9251BB02F00BB8207 /* Base */,
			);
			name = LaunchScreen.storyboard;
			sourceTree = "<group>";
		};
/* End PBXVariantGroup section */

/* Begin XCBuildConfiguration section */
		677963DC251BB02F00BB8207 /* Debug */ = {
			isa = XCBuildConfiguration;
			buildSettings = {
				ALWAYS_SEARCH_USER_PATHS = NO;
				CLANG_ANALYZER_NONNULL = YES;
				CLANG_ANALYZER_NUMBER_OBJECT_CONVERSION = YES_AGGRESSIVE;
				CLANG_CXX_LANGUAGE_STANDARD = "gnu++14";
				CLANG_CXX_LIBRARY = "libc++";
				CLANG_ENABLE_MODULES = YES;
				CLANG_ENABLE_OBJC_ARC = YES;
				CLANG_ENABLE_OBJC_WEAK = YES;
				CLANG_WARN_BLOCK_CAPTURE_AUTORELEASING = YES;
				CLANG_WARN_BOOL_CONVERSION = YES;
				CLANG_WARN_COMMA = YES;
				CLANG_WARN_CONSTANT_CONVERSION = YES;
				CLANG_WARN_DEPRECATED_OBJC_IMPLEMENTATIONS = YES;
				CLANG_WARN_DIRECT_OBJC_ISA_USAGE = YES_ERROR;
				CLANG_WARN_DOCUMENTATION_COMMENTS = YES;
				CLANG_WARN_EMPTY_BODY = YES;
				CLANG_WARN_ENUM_CONVERSION = YES;
				CLANG_WARN_INFINITE_RECURSION = YES;
				CLANG_WARN_INT_CONVERSION = YES;
				CLANG_WARN_NON_LITERAL_NULL_CONVERSION = YES;
				CLANG_WARN_OBJC_IMPLICIT_RETAIN_SELF = YES;
				CLANG_WARN_OBJC_LITERAL_CONVERSION = YES;
				CLANG_WARN_OBJC_ROOT_CLASS = YES_ERROR;
				CLANG_WARN_RANGE_LOOP_ANALYSIS = YES;
				CLANG_WARN_STRICT_PROTOTYPES = YES;
				CLANG_WARN_SUSPICIOUS_MOVE = YES;
				CLANG_WARN_UNGUARDED_AVAILABILITY = YES_AGGRESSIVE;
				CLANG_WARN_UNREACHABLE_CODE = YES;
				CLANG_WARN__DUPLICATE_METHOD_MATCH = YES;
				COPY_PHASE_STRIP = NO;
				DEBUG_INFORMATION_FORMAT = dwarf;
				ENABLE_STRICT_OBJC_MSGSEND = YES;
				ENABLE_TESTABILITY = YES;
				GCC_C_LANGUAGE_STANDARD = gnu11;
				GCC_DYNAMIC_NO_PIC = NO;
				GCC_NO_COMMON_BLOCKS = YES;
				GCC_OPTIMIZATION_LEVEL = 0;
				GCC_PREPROCESSOR_DEFINITIONS = (
					"DEBUG=1",
					"$(inherited)",
				);
				GCC_WARN_64_TO_32_BIT_CONVERSION = YES;
				GCC_WARN_ABOUT_RETURN_TYPE = YES_ERROR;
				GCC_WARN_UNDECLARED_SELECTOR = YES;
				GCC_WARN_UNINITIALIZED_AUTOS = YES_AGGRESSIVE;
				GCC_WARN_UNUSED_FUNCTION = YES;
				GCC_WARN_UNUSED_VARIABLE = YES;
				IPHONEOS_DEPLOYMENT_TARGET = 13.4;
				MTL_ENABLE_DEBUG_INFO = INCLUDE_SOURCE;
				MTL_FAST_MATH = YES;
				ONLY_ACTIVE_ARCH = YES;
				SDKROOT = iphoneos;
				SWIFT_ACTIVE_COMPILATION_CONDITIONS = DEBUG;
				SWIFT_OPTIMIZATION_LEVEL = "-Onone";
			};
			name = Debug;
		};
		677963DD251BB02F00BB8207 /* Release */ = {
			isa = XCBuildConfiguration;
			buildSettings = {
				ALWAYS_SEARCH_USER_PATHS = NO;
				CLANG_ANALYZER_NONNULL = YES;
				CLANG_ANALYZER_NUMBER_OBJECT_CONVERSION = YES_AGGRESSIVE;
				CLANG_CXX_LANGUAGE_STANDARD = "gnu++14";
				CLANG_CXX_LIBRARY = "libc++";
				CLANG_ENABLE_MODULES = YES;
				CLANG_ENABLE_OBJC_ARC = YES;
				CLANG_ENABLE_OBJC_WEAK = YES;
				CLANG_WARN_BLOCK_CAPTURE_AUTORELEASING = YES;
				CLANG_WARN_BOOL_CONVERSION = YES;
				CLANG_WARN_COMMA = YES;
				CLANG_WARN_CONSTANT_CONVERSION = YES;
				CLANG_WARN_DEPRECATED_OBJC_IMPLEMENTATIONS = YES;
				CLANG_WARN_DIRECT_OBJC_ISA_USAGE = YES_ERROR;
				CLANG_WARN_DOCUMENTATION_COMMENTS = YES;
				CLANG_WARN_EMPTY_BODY = YES;
				CLANG_WARN_ENUM_CONVERSION = YES;
				CLANG_WARN_INFINITE_RECURSION = YES;
				CLANG_WARN_INT_CONVERSION = YES;
				CLANG_WARN_NON_LITERAL_NULL_CONVERSION = YES;
				CLANG_WARN_OBJC_IMPLICIT_RETAIN_SELF = YES;
				CLANG_WARN_OBJC_LITERAL_CONVERSION = YES;
				CLANG_WARN_OBJC_ROOT_CLASS = YES_ERROR;
				CLANG_WARN_RANGE_LOOP_ANALYSIS = YES;
				CLANG_WARN_STRICT_PROTOTYPES = YES;
				CLANG_WARN_SUSPICIOUS_MOVE = YES;
				CLANG_WARN_UNGUARDED_AVAILABILITY = YES_AGGRESSIVE;
				CLANG_WARN_UNREACHABLE_CODE = YES;
				CLANG_WARN__DUPLICATE_METHOD_MATCH = YES;
				COPY_PHASE_STRIP = NO;
				DEBUG_INFORMATION_FORMAT = "dwarf-with-dsym";
				ENABLE_NS_ASSERTIONS = NO;
				ENABLE_STRICT_OBJC_MSGSEND = YES;
				GCC_C_LANGUAGE_STANDARD = gnu11;
				GCC_NO_COMMON_BLOCKS = YES;
				GCC_WARN_64_TO_32_BIT_CONVERSION = YES;
				GCC_WARN_ABOUT_RETURN_TYPE = YES_ERROR;
				GCC_WARN_UNDECLARED_SELECTOR = YES;
				GCC_WARN_UNINITIALIZED_AUTOS = YES_AGGRESSIVE;
				GCC_WARN_UNUSED_FUNCTION = YES;
				GCC_WARN_UNUSED_VARIABLE = YES;
				IPHONEOS_DEPLOYMENT_TARGET = 13.4;
				MTL_ENABLE_DEBUG_INFO = NO;
				MTL_FAST_MATH = YES;
				SDKROOT = iphoneos;
				SWIFT_COMPILATION_MODE = wholemodule;
				SWIFT_OPTIMIZATION_LEVEL = "-O";
				VALIDATE_PRODUCT = YES;
			};
			name = Release;
		};
		677963DF251BB02F00BB8207 /* Debug */ = {
			isa = XCBuildConfiguration;
			baseConfigurationReference = FF11A937FB13DF34E4CEE3BE /* Pods-CameraFilter.debug.xcconfig */;
			buildSettings = {
				ASSETCATALOG_COMPILER_APPICON_NAME = AppIcon;
				CODE_SIGN_STYLE = Automatic;
				INFOPLIST_FILE = "$(SRCROOT)/CameraFilter/Supporting Files/Info.plist";
				LD_RUNPATH_SEARCH_PATHS = (
					"$(inherited)",
					"@executable_path/Frameworks",
				);
				PRODUCT_BUNDLE_IDENTIFIER = com.xfamily.CameraFilter;
				PRODUCT_NAME = "$(TARGET_NAME)";
				SWIFT_VERSION = 5.0;
				TARGETED_DEVICE_FAMILY = "1,2";
			};
			name = Debug;
		};
		677963E0251BB02F00BB8207 /* Release */ = {
			isa = XCBuildConfiguration;
			baseConfigurationReference = E31BFE48B2D834452DC27AFB /* Pods-CameraFilter.release.xcconfig */;
			buildSettings = {
				ASSETCATALOG_COMPILER_APPICON_NAME = AppIcon;
				CODE_SIGN_STYLE = Automatic;
				INFOPLIST_FILE = "$(SRCROOT)/CameraFilter/Supporting Files/Info.plist";
				LD_RUNPATH_SEARCH_PATHS = (
					"$(inherited)",
					"@executable_path/Frameworks",
				);
				PRODUCT_BUNDLE_IDENTIFIER = com.xfamily.CameraFilter;
				PRODUCT_NAME = "$(TARGET_NAME)";
				SWIFT_VERSION = 5.0;
				TARGETED_DEVICE_FAMILY = "1,2";
			};
			name = Release;
		};
/* End XCBuildConfiguration section */

/* Begin XCConfigurationList section */
		677963C5251BB02D00BB8207 /* Build configuration list for PBXProject "CameraFilter" */ = {
			isa = XCConfigurationList;
			buildConfigurations = (
				677963DC251BB02F00BB8207 /* Debug */,
				677963DD251BB02F00BB8207 /* Release */,
			);
			defaultConfigurationIsVisible = 0;
			defaultConfigurationName = Release;
		};
		677963DE251BB02F00BB8207 /* Build configuration list for PBXNativeTarget "CameraFilter" */ = {
			isa = XCConfigurationList;
			buildConfigurations = (
				677963DF251BB02F00BB8207 /* Debug */,
				677963E0251BB02F00BB8207 /* Release */,
			);
			defaultConfigurationIsVisible = 0;
			defaultConfigurationName = Release;
		};
/* End XCConfigurationList section */
	};
	rootObject = 677963C2251BB02D00BB8207 /* Project object */;
}
